// !$*UTF8*$!
{
	archiveVersion = 1;
	classes = {
	};
	objectVersion = 56;
	objects = {

/* Begin PBXBuildFile section */
		21BCC3EB2CBA15D800B77BF9 /* AppDelegate.swift in Sources */ = {isa = PBXBuildFile; fileRef = 21BCC3EA2CBA15D800B77BF9 /* AppDelegate.swift */; };
		21BCC3ED2CBA15D800B77BF9 /* SceneDelegate.swift in Sources */ = {isa = PBXBuildFile; fileRef = 21BCC3EC2CBA15D800B77BF9 /* SceneDelegate.swift */; };
		21BCC3F42CBA15E000B77BF9 /* Assets.xcassets in Resources */ = {isa = PBXBuildFile; fileRef = 21BCC3F32CBA15E000B77BF9 /* Assets.xcassets */; };
		21BCC3F72CBA15E000B77BF9 /* LaunchScreen.storyboard in Resources */ = {isa = PBXBuildFile; fileRef = 21BCC3F52CBA15E000B77BF9 /* LaunchScreen.storyboard */; };
		21BCC4032CBA17A400B77BF9 /* User.swift in Sources */ = {isa = PBXBuildFile; fileRef = 21BCC4022CBA17A400B77BF9 /* User.swift */; };
		21BCC4062CBA1B7E00B77BF9 /* TopVC.swift in Sources */ = {isa = PBXBuildFile; fileRef = 21BCC4052CBA1B7E00B77BF9 /* TopVC.swift */; };
		21BCC4082CBA1B9400B77BF9 /* TopVC.storyboard in Resources */ = {isa = PBXBuildFile; fileRef = 21BCC4072CBA1B9400B77BF9 /* TopVC.storyboard */; };
		21BCC40B2CBA1C5B00B77BF9 /* TermsOfServiceVC.swift in Sources */ = {isa = PBXBuildFile; fileRef = 21BCC40A2CBA1C5B00B77BF9 /* TermsOfServiceVC.swift */; };
		21BCC40D2CBA1C9800B77BF9 /* TermsOfServiceVC.storyboard in Resources */ = {isa = PBXBuildFile; fileRef = 21BCC40C2CBA1C9800B77BF9 /* TermsOfServiceVC.storyboard */; };
		21BCC40F2CBA1CDF00B77BF9 /* LoginVC.swift in Sources */ = {isa = PBXBuildFile; fileRef = 21BCC40E2CBA1CDF00B77BF9 /* LoginVC.swift */; };
		21BCC4112CBA1CED00B77BF9 /* LoginVC.storyboard in Resources */ = {isa = PBXBuildFile; fileRef = 21BCC4102CBA1CED00B77BF9 /* LoginVC.storyboard */; };
		21BCC4142CBA1D7A00B77BF9 /* UserInformationVC.swift in Sources */ = {isa = PBXBuildFile; fileRef = 21BCC4132CBA1D7A00B77BF9 /* UserInformationVC.swift */; };
		21BCC4162CBA1D9500B77BF9 /* UserInformationVC.storyboard in Resources */ = {isa = PBXBuildFile; fileRef = 21BCC4152CBA1D9500B77BF9 /* UserInformationVC.storyboard */; };
/* End PBXBuildFile section */

/* Begin PBXFileReference section */
		21BCC3E72CBA15D800B77BF9 /* PracticeFunctions-iOS.app */ = {isa = PBXFileReference; explicitFileType = wrapper.application; includeInIndex = 0; path = "PracticeFunctions-iOS.app"; sourceTree = BUILT_PRODUCTS_DIR; };
		21BCC3EA2CBA15D800B77BF9 /* AppDelegate.swift */ = {isa = PBXFileReference; lastKnownFileType = sourcecode.swift; path = AppDelegate.swift; sourceTree = "<group>"; };
		21BCC3EC2CBA15D800B77BF9 /* SceneDelegate.swift */ = {isa = PBXFileReference; lastKnownFileType = sourcecode.swift; path = SceneDelegate.swift; sourceTree = "<group>"; };
		21BCC3F32CBA15E000B77BF9 /* Assets.xcassets */ = {isa = PBXFileReference; lastKnownFileType = folder.assetcatalog; path = Assets.xcassets; sourceTree = "<group>"; };
		21BCC3F62CBA15E000B77BF9 /* Base */ = {isa = PBXFileReference; lastKnownFileType = file.storyboard; name = Base; path = Base.lproj/LaunchScreen.storyboard; sourceTree = "<group>"; };
		21BCC3F82CBA15E000B77BF9 /* Info.plist */ = {isa = PBXFileReference; lastKnownFileType = text.plist.xml; path = Info.plist; sourceTree = "<group>"; };
		21BCC4022CBA17A400B77BF9 /* User.swift */ = {isa = PBXFileReference; lastKnownFileType = sourcecode.swift; path = User.swift; sourceTree = "<group>"; };
		21BCC4052CBA1B7E00B77BF9 /* TopVC.swift */ = {isa = PBXFileReference; lastKnownFileType = sourcecode.swift; path = TopVC.swift; sourceTree = "<group>"; };
		21BCC4072CBA1B9400B77BF9 /* TopVC.storyboard */ = {isa = PBXFileReference; lastKnownFileType = file.storyboard; path = TopVC.storyboard; sourceTree = "<group>"; };
		21BCC40A2CBA1C5B00B77BF9 /* TermsOfServiceVC.swift */ = {isa = PBXFileReference; lastKnownFileType = sourcecode.swift; path = TermsOfServiceVC.swift; sourceTree = "<group>"; };
		21BCC40C2CBA1C9800B77BF9 /* TermsOfServiceVC.storyboard */ = {isa = PBXFileReference; lastKnownFileType = file.storyboard; path = TermsOfServiceVC.storyboard; sourceTree = "<group>"; };
		21BCC40E2CBA1CDF00B77BF9 /* LoginVC.swift */ = {isa = PBXFileReference; lastKnownFileType = sourcecode.swift; path = LoginVC.swift; sourceTree = "<group>"; };
		21BCC4102CBA1CED00B77BF9 /* LoginVC.storyboard */ = {isa = PBXFileReference; lastKnownFileType = file.storyboard; path = LoginVC.storyboard; sourceTree = "<group>"; };
		21BCC4132CBA1D7A00B77BF9 /* UserInformationVC.swift */ = {isa = PBXFileReference; lastKnownFileType = sourcecode.swift; path = UserInformationVC.swift; sourceTree = "<group>"; };
		21BCC4152CBA1D9500B77BF9 /* UserInformationVC.storyboard */ = {isa = PBXFileReference; lastKnownFileType = file.storyboard; path = UserInformationVC.storyboard; sourceTree = "<group>"; };
/* End PBXFileReference section */

/* Begin PBXFrameworksBuildPhase section */
		21BCC3E42CBA15D800B77BF9 /* Frameworks */ = {
			isa = PBXFrameworksBuildPhase;
			buildActionMask = 2147483647;
			files = (
			);
			runOnlyForDeploymentPostprocessing = 0;
		};
/* End PBXFrameworksBuildPhase section */

/* Begin PBXGroup section */
		21BCC3DE2CBA15D800B77BF9 = {
			isa = PBXGroup;
			children = (
				21BCC3E92CBA15D800B77BF9 /* PracticeFunctions-iOS */,
				21BCC3E82CBA15D800B77BF9 /* Products */,
			);
			sourceTree = "<group>";
		};
		21BCC3E82CBA15D800B77BF9 /* Products */ = {
			isa = PBXGroup;
			children = (
				21BCC3E72CBA15D800B77BF9 /* PracticeFunctions-iOS.app */,
			);
			name = Products;
			sourceTree = "<group>";
		};
		21BCC3E92CBA15D800B77BF9 /* PracticeFunctions-iOS */ = {
			isa = PBXGroup;
			children = (
				21BCC4002CBA176F00B77BF9 /* Views */,
				21BCC3FF2CBA175C00B77BF9 /* API */,
				21BCC3FE2CBA172D00B77BF9 /* User */,
				21BCC3EA2CBA15D800B77BF9 /* AppDelegate.swift */,
				21BCC3EC2CBA15D800B77BF9 /* SceneDelegate.swift */,
				21BCC3F32CBA15E000B77BF9 /* Assets.xcassets */,
				21BCC3F52CBA15E000B77BF9 /* LaunchScreen.storyboard */,
				21BCC3F82CBA15E000B77BF9 /* Info.plist */,
			);
			path = "PracticeFunctions-iOS";
			sourceTree = "<group>";
		};
		21BCC3FE2CBA172D00B77BF9 /* User */ = {
			isa = PBXGroup;
			children = (
				21BCC4022CBA17A400B77BF9 /* User.swift */,
			);
			path = User;
			sourceTree = "<group>";
		};
		21BCC3FF2CBA175C00B77BF9 /* API */ = {
			isa = PBXGroup;
			children = (
			);
			path = API;
			sourceTree = "<group>";
		};
		21BCC4002CBA176F00B77BF9 /* Views */ = {
			isa = PBXGroup;
			children = (
				21BCC4122CBA1D4700B77BF9 /* UserInformation */,
				21BCC4092CBA1B9E00B77BF9 /* InitialEntry */,
				21BCC4042CBA17D900B77BF9 /* Top */,
			);
			path = Views;
			sourceTree = "<group>";
		};
		21BCC4042CBA17D900B77BF9 /* Top */ = {
			isa = PBXGroup;
			children = (
				21BCC4052CBA1B7E00B77BF9 /* TopVC.swift */,
				21BCC4072CBA1B9400B77BF9 /* TopVC.storyboard */,
			);
			path = Top;
			sourceTree = "<group>";
		};
		21BCC4092CBA1B9E00B77BF9 /* InitialEntry */ = {
			isa = PBXGroup;
			children = (
				21BCC40A2CBA1C5B00B77BF9 /* TermsOfServiceVC.swift */,
				21BCC40C2CBA1C9800B77BF9 /* TermsOfServiceVC.storyboard */,
				21BCC40E2CBA1CDF00B77BF9 /* LoginVC.swift */,
				21BCC4102CBA1CED00B77BF9 /* LoginVC.storyboard */,
			);
			path = InitialEntry;
			sourceTree = "<group>";
		};
		21BCC4122CBA1D4700B77BF9 /* UserInformation */ = {
			isa = PBXGroup;
			children = (
				21BCC4132CBA1D7A00B77BF9 /* UserInformationVC.swift */,
				21BCC4152CBA1D9500B77BF9 /* UserInformationVC.storyboard */,
			);
			path = UserInformation;
			sourceTree = "<group>";
		};
/* End PBXGroup section */

/* Begin PBXNativeTarget section */
		21BCC3E62CBA15D800B77BF9 /* PracticeFunctions-iOS */ = {
			isa = PBXNativeTarget;
			buildConfigurationList = 21BCC3FB2CBA15E000B77BF9 /* Build configuration list for PBXNativeTarget "PracticeFunctions-iOS" */;
			buildPhases = (
				21BCC3E32CBA15D800B77BF9 /* Sources */,
				21BCC3E42CBA15D800B77BF9 /* Frameworks */,
				21BCC3E52CBA15D800B77BF9 /* Resources */,
			);
			buildRules = (
			);
			dependencies = (
			);
			name = "PracticeFunctions-iOS";
			productName = "PracticeFunctions-iOS";
			productReference = 21BCC3E72CBA15D800B77BF9 /* PracticeFunctions-iOS.app */;
			productType = "com.apple.product-type.application";
		};
/* End PBXNativeTarget section */

/* Begin PBXProject section */
		21BCC3DF2CBA15D800B77BF9 /* Project object */ = {
			isa = PBXProject;
			attributes = {
				BuildIndependentTargetsInParallel = 1;
				LastSwiftUpdateCheck = 1520;
				LastUpgradeCheck = 1520;
				TargetAttributes = {
					21BCC3E62CBA15D800B77BF9 = {
						CreatedOnToolsVersion = 15.2;
					};
				};
			};
			buildConfigurationList = 21BCC3E22CBA15D800B77BF9 /* Build configuration list for PBXProject "PracticeFunctions-iOS" */;
			compatibilityVersion = "Xcode 14.0";
			developmentRegion = en;
			hasScannedForEncodings = 0;
			knownRegions = (
				en,
				Base,
			);
			mainGroup = 21BCC3DE2CBA15D800B77BF9;
			productRefGroup = 21BCC3E82CBA15D800B77BF9 /* Products */;
			projectDirPath = "";
			projectRoot = "";
			targets = (
				21BCC3E62CBA15D800B77BF9 /* PracticeFunctions-iOS */,
			);
		};
/* End PBXProject section */

/* Begin PBXResourcesBuildPhase section */
		21BCC3E52CBA15D800B77BF9 /* Resources */ = {
			isa = PBXResourcesBuildPhase;
			buildActionMask = 2147483647;
			files = (
				21BCC3F72CBA15E000B77BF9 /* LaunchScreen.storyboard in Resources */,
				21BCC40D2CBA1C9800B77BF9 /* TermsOfServiceVC.storyboard in Resources */,
				21BCC3F42CBA15E000B77BF9 /* Assets.xcassets in Resources */,
				21BCC4112CBA1CED00B77BF9 /* LoginVC.storyboard in Resources */,
				21BCC4082CBA1B9400B77BF9 /* TopVC.storyboard in Resources */,
				21BCC4162CBA1D9500B77BF9 /* UserInformationVC.storyboard in Resources */,
			);
			runOnlyForDeploymentPostprocessing = 0;
		};
/* End PBXResourcesBuildPhase section */

/* Begin PBXSourcesBuildPhase section */
		21BCC3E32CBA15D800B77BF9 /* Sources */ = {
			isa = PBXSourcesBuildPhase;
			buildActionMask = 2147483647;
			files = (
				21BCC4062CBA1B7E00B77BF9 /* TopVC.swift in Sources */,
				21BCC4142CBA1D7A00B77BF9 /* UserInformationVC.swift in Sources */,
				21BCC3EB2CBA15D800B77BF9 /* AppDelegate.swift in Sources */,
				21BCC40F2CBA1CDF00B77BF9 /* LoginVC.swift in Sources */,
				21BCC3ED2CBA15D800B77BF9 /* SceneDelegate.swift in Sources */,
				21BCC4032CBA17A400B77BF9 /* User.swift in Sources */,
				21BCC40B2CBA1C5B00B77BF9 /* TermsOfServiceVC.swift in Sources */,
			);
			runOnlyForDeploymentPostprocessing = 0;
		};
/* End PBXSourcesBuildPhase section */

/* Begin PBXVariantGroup section */
		21BCC3F52CBA15E000B77BF9 /* LaunchScreen.storyboard */ = {
			isa = PBXVariantGroup;
			children = (
				21BCC3F62CBA15E000B77BF9 /* Base */,
			);
			name = LaunchScreen.storyboard;
			sourceTree = "<group>";
		};
/* End PBXVariantGroup section */

/* Begin XCBuildConfiguration section */
		21BCC3F92CBA15E000B77BF9 /* Debug */ = {
			isa = XCBuildConfiguration;
			buildSettings = {
				ALWAYS_SEARCH_USER_PATHS = NO;
				ASSETCATALOG_COMPILER_GENERATE_SWIFT_ASSET_SYMBOL_EXTENSIONS = YES;
				CLANG_ANALYZER_NONNULL = YES;
				CLANG_ANALYZER_NUMBER_OBJECT_CONVERSION = YES_AGGRESSIVE;
				CLANG_CXX_LANGUAGE_STANDARD = "gnu++20";
				CLANG_ENABLE_MODULES = YES;
				CLANG_ENABLE_OBJC_ARC = YES;
				CLANG_ENABLE_OBJC_WEAK = YES;
				CLANG_WARN_BLOCK_CAPTURE_AUTORELEASING = YES;
				CLANG_WARN_BOOL_CONVERSION = YES;
				CLANG_WARN_COMMA = YES;
				CLANG_WARN_CONSTANT_CONVERSION = YES;
				CLANG_WARN_DEPRECATED_OBJC_IMPLEMENTATIONS = YES;
				CLANG_WARN_DIRECT_OBJC_ISA_USAGE = YES_ERROR;
				CLANG_WARN_DOCUMENTATION_COMMENTS = YES;
				CLANG_WARN_EMPTY_BODY = YES;
				CLANG_WARN_ENUM_CONVERSION = YES;
				CLANG_WARN_INFINITE_RECURSION = YES;
				CLANG_WARN_INT_CONVERSION = YES;
				CLANG_WARN_NON_LITERAL_NULL_CONVERSION = YES;
				CLANG_WARN_OBJC_IMPLICIT_RETAIN_SELF = YES;
				CLANG_WARN_OBJC_LITERAL_CONVERSION = YES;
				CLANG_WARN_OBJC_ROOT_CLASS = YES_ERROR;
				CLANG_WARN_QUOTED_INCLUDE_IN_FRAMEWORK_HEADER = YES;
				CLANG_WARN_RANGE_LOOP_ANALYSIS = YES;
				CLANG_WARN_STRICT_PROTOTYPES = YES;
				CLANG_WARN_SUSPICIOUS_MOVE = YES;
				CLANG_WARN_UNGUARDED_AVAILABILITY = YES_AGGRESSIVE;
				CLANG_WARN_UNREACHABLE_CODE = YES;
				CLANG_WARN__DUPLICATE_METHOD_MATCH = YES;
				COPY_PHASE_STRIP = NO;
				DEBUG_INFORMATION_FORMAT = dwarf;
				ENABLE_STRICT_OBJC_MSGSEND = YES;
				ENABLE_TESTABILITY = YES;
				ENABLE_USER_SCRIPT_SANDBOXING = YES;
				GCC_C_LANGUAGE_STANDARD = gnu17;
				GCC_DYNAMIC_NO_PIC = NO;
				GCC_NO_COMMON_BLOCKS = YES;
				GCC_OPTIMIZATION_LEVEL = 0;
				GCC_PREPROCESSOR_DEFINITIONS = (
					"DEBUG=1",
					"$(inherited)",
				);
				GCC_WARN_64_TO_32_BIT_CONVERSION = YES;
				GCC_WARN_ABOUT_RETURN_TYPE = YES_ERROR;
				GCC_WARN_UNDECLARED_SELECTOR = YES;
				GCC_WARN_UNINITIALIZED_AUTOS = YES_AGGRESSIVE;
				GCC_WARN_UNUSED_FUNCTION = YES;
				GCC_WARN_UNUSED_VARIABLE = YES;
				IPHONEOS_DEPLOYMENT_TARGET = 17.2;
				LOCALIZATION_PREFERS_STRING_CATALOGS = YES;
				MTL_ENABLE_DEBUG_INFO = INCLUDE_SOURCE;
				MTL_FAST_MATH = YES;
				ONLY_ACTIVE_ARCH = YES;
				SDKROOT = iphoneos;
				SWIFT_ACTIVE_COMPILATION_CONDITIONS = "DEBUG $(inherited)";
				SWIFT_OPTIMIZATION_LEVEL = "-Onone";
			};
			name = Debug;
		};
		21BCC3FA2CBA15E000B77BF9 /* Release */ = {
			isa = XCBuildConfiguration;
			buildSettings = {
				ALWAYS_SEARCH_USER_PATHS = NO;
				ASSETCATALOG_COMPILER_GENERATE_SWIFT_ASSET_SYMBOL_EXTENSIONS = YES;
				CLANG_ANALYZER_NONNULL = YES;
				CLANG_ANALYZER_NUMBER_OBJECT_CONVERSION = YES_AGGRESSIVE;
				CLANG_CXX_LANGUAGE_STANDARD = "gnu++20";
				CLANG_ENABLE_MODULES = YES;
				CLANG_ENABLE_OBJC_ARC = YES;
				CLANG_ENABLE_OBJC_WEAK = YES;
				CLANG_WARN_BLOCK_CAPTURE_AUTORELEASING = YES;
				CLANG_WARN_BOOL_CONVERSION = YES;
				CLANG_WARN_COMMA = YES;
				CLANG_WARN_CONSTANT_CONVERSION = YES;
				CLANG_WARN_DEPRECATED_OBJC_IMPLEMENTATIONS = YES;
				CLANG_WARN_DIRECT_OBJC_ISA_USAGE = YES_ERROR;
				CLANG_WARN_DOCUMENTATION_COMMENTS = YES;
				CLANG_WARN_EMPTY_BODY = YES;
				CLANG_WARN_ENUM_CONVERSION = YES;
				CLANG_WARN_INFINITE_RECURSION = YES;
				CLANG_WARN_INT_CONVERSION = YES;
				CLANG_WARN_NON_LITERAL_NULL_CONVERSION = YES;
				CLANG_WARN_OBJC_IMPLICIT_RETAIN_SELF = YES;
				CLANG_WARN_OBJC_LITERAL_CONVERSION = YES;
				CLANG_WARN_OBJC_ROOT_CLASS = YES_ERROR;
				CLANG_WARN_QUOTED_INCLUDE_IN_FRAMEWORK_HEADER = YES;
				CLANG_WARN_RANGE_LOOP_ANALYSIS = YES;
				CLANG_WARN_STRICT_PROTOTYPES = YES;
				CLANG_WARN_SUSPICIOUS_MOVE = YES;
				CLANG_WARN_UNGUARDED_AVAILABILITY = YES_AGGRESSIVE;
				CLANG_WARN_UNREACHABLE_CODE = YES;
				CLANG_WARN__DUPLICATE_METHOD_MATCH = YES;
				COPY_PHASE_STRIP = NO;
				DEBUG_INFORMATION_FORMAT = "dwarf-with-dsym";
				ENABLE_NS_ASSERTIONS = NO;
				ENABLE_STRICT_OBJC_MSGSEND = YES;
				ENABLE_USER_SCRIPT_SANDBOXING = YES;
				GCC_C_LANGUAGE_STANDARD = gnu17;
				GCC_NO_COMMON_BLOCKS = YES;
				GCC_WARN_64_TO_32_BIT_CONVERSION = YES;
				GCC_WARN_ABOUT_RETURN_TYPE = YES_ERROR;
				GCC_WARN_UNDECLARED_SELECTOR = YES;
				GCC_WARN_UNINITIALIZED_AUTOS = YES_AGGRESSIVE;
				GCC_WARN_UNUSED_FUNCTION = YES;
				GCC_WARN_UNUSED_VARIABLE = YES;
				IPHONEOS_DEPLOYMENT_TARGET = 17.2;
				LOCALIZATION_PREFERS_STRING_CATALOGS = YES;
				MTL_ENABLE_DEBUG_INFO = NO;
				MTL_FAST_MATH = YES;
				SDKROOT = iphoneos;
				SWIFT_COMPILATION_MODE = wholemodule;
				VALIDATE_PRODUCT = YES;
			};
			name = Release;
		};
		21BCC3FC2CBA15E000B77BF9 /* Debug */ = {
			isa = XCBuildConfiguration;
			buildSettings = {
				ASSETCATALOG_COMPILER_APPICON_NAME = AppIcon;
				ASSETCATALOG_COMPILER_GLOBAL_ACCENT_COLOR_NAME = AccentColor;
				CODE_SIGN_STYLE = Automatic;
				CURRENT_PROJECT_VERSION = 1;
				DEVELOPMENT_TEAM = 2WQURSS6Y6;
				GENERATE_INFOPLIST_FILE = YES;
				INFOPLIST_FILE = "PracticeFunctions-iOS/Info.plist";
				INFOPLIST_KEY_UIApplicationSupportsIndirectInputEvents = YES;
				INFOPLIST_KEY_UILaunchStoryboardName = LaunchScreen;
				INFOPLIST_KEY_UISupportedInterfaceOrientations_iPad = "UIInterfaceOrientationPortrait UIInterfaceOrientationPortraitUpsideDown UIInterfaceOrientationLandscapeLeft UIInterfaceOrientationLandscapeRight";
				INFOPLIST_KEY_UISupportedInterfaceOrientations_iPhone = "UIInterfaceOrientationPortrait UIInterfaceOrientationLandscapeLeft UIInterfaceOrientationLandscapeRight";
				LD_RUNPATH_SEARCH_PATHS = (
					"$(inherited)",
					"@executable_path/Frameworks",
				);
				MARKETING_VERSION = 1.0;
				PRODUCT_BUNDLE_IDENTIFIER = "com.sgmkhr.PracticeFunctions-iOS";
				PRODUCT_NAME = "$(TARGET_NAME)";
				SWIFT_EMIT_LOC_STRINGS = YES;
				SWIFT_VERSION = 5.0;
				TARGETED_DEVICE_FAMILY = "1,2";
			};
			name = Debug;
		};
		21BCC3FD2CBA15E000B77BF9 /* Release */ = {
			isa = XCBuildConfiguration;
			buildSettings = {
				ASSETCATALOG_COMPILER_APPICON_NAME = AppIcon;
				ASSETCATALOG_COMPILER_GLOBAL_ACCENT_COLOR_NAME = AccentColor;
				CODE_SIGN_STYLE = Automatic;
				CURRENT_PROJECT_VERSION = 1;
				DEVELOPMENT_TEAM = 2WQURSS6Y6;
				GENERATE_INFOPLIST_FILE = YES;
				INFOPLIST_FILE = "PracticeFunctions-iOS/Info.plist";
				INFOPLIST_KEY_UIApplicationSupportsIndirectInputEvents = YES;
				INFOPLIST_KEY_UILaunchStoryboardName = LaunchScreen;
				INFOPLIST_KEY_UISupportedInterfaceOrientations_iPad = "UIInterfaceOrientationPortrait UIInterfaceOrientationPortraitUpsideDown UIInterfaceOrientationLandscapeLeft UIInterfaceOrientationLandscapeRight";
				INFOPLIST_KEY_UISupportedInterfaceOrientations_iPhone = "UIInterfaceOrientationPortrait UIInterfaceOrientationLandscapeLeft UIInterfaceOrientationLandscapeRight";
				LD_RUNPATH_SEARCH_PATHS = (
					"$(inherited)",
					"@executable_path/Frameworks",
				);
				MARKETING_VERSION = 1.0;
				PRODUCT_BUNDLE_IDENTIFIER = "com.sgmkhr.PracticeFunctions-iOS";
				PRODUCT_NAME = "$(TARGET_NAME)";
				SWIFT_EMIT_LOC_STRINGS = YES;
				SWIFT_VERSION = 5.0;
				TARGETED_DEVICE_FAMILY = "1,2";
			};
			name = Release;
		};
/* End XCBuildConfiguration section */

/* Begin XCConfigurationList section */
		21BCC3E22CBA15D800B77BF9 /* Build configuration list for PBXProject "PracticeFunctions-iOS" */ = {
			isa = XCConfigurationList;
			buildConfigurations = (
				21BCC3F92CBA15E000B77BF9 /* Debug */,
				21BCC3FA2CBA15E000B77BF9 /* Release */,
			);
			defaultConfigurationIsVisible = 0;
			defaultConfigurationName = Release;
		};
		21BCC3FB2CBA15E000B77BF9 /* Build configuration list for PBXNativeTarget "PracticeFunctions-iOS" */ = {
			isa = XCConfigurationList;
			buildConfigurations = (
				21BCC3FC2CBA15E000B77BF9 /* Debug */,
				21BCC3FD2CBA15E000B77BF9 /* Release */,
			);
			defaultConfigurationIsVisible = 0;
			defaultConfigurationName = Release;
		};
/* End XCConfigurationList section */
	};
	rootObject = 21BCC3DF2CBA15D800B77BF9 /* Project object */;
}
